
Microsoft Visual Studio Solution File, Format Version 12.00
# Visual Studio Version 17
VisualStudioVersion = 17.3.32929.385
MinimumVisualStudioVersion = 10.0.40219.1
Project("{FAE04EC0-301F-11D3-BF4B-00C04F79EFBC}") = "Computer_Graphics_2", "Computer_Graphics_2\Computer_Graphics_2.csproj", "{AE2D373E-EA5A-483A-A078-648EFE8512BE}"
EndProject
Global
	GlobalSection(SolutionConfigurationPlatforms) = preSolution
		Debug|Any CPU = Debug|Any CPU
		Release|Any CPU = Release|Any CPU
	EndGlobalSection
	GlobalSection(ProjectConfigurationPlatforms) = postSolution
		{AE2D373E-EA5A-483A-A078-648EFE8512BE}.Debug|Any CPU.ActiveCfg = Debug|Any CPU
		{AE2D373E-EA5A-483A-A078-648EFE8512BE}.Debug|Any CPU.Build.0 = Debug|Any CPU
		{AE2D373E-EA5A-483A-A078-648EFE8512BE}.Release|Any CPU.ActiveCfg = Release|Any CPU
		{AE2D373E-EA5A-483A-A078-648EFE8512BE}.Release|Any CPU.Build.0 = Release|Any CPU
	EndGlobalSection
	GlobalSection(SolutionProperties) = preSolution
		HideSolutionNode = FALSE
	EndGlobalSection
	GlobalSection(ExtensibilityGlobals) = postSolution
		SolutionGuid = {C46436C3-BECE-4D32-AAB1-24B78974D1FE}
	EndGlobalSection
EndGlobal
